// !$*UTF8*$!
{
	archiveVersion = 1;
	classes = {
	};
	objectVersion = 55;
	objects = {

/* Begin PBXBuildFile section */
		5742E34A28B55517008AC99F /* AppDelegate.swift in Sources */ = {isa = PBXBuildFile; fileRef = 5742E34928B55517008AC99F /* AppDelegate.swift */; };
		5742E34C28B55517008AC99F /* SceneDelegate.swift in Sources */ = {isa = PBXBuildFile; fileRef = 5742E34B28B55517008AC99F /* SceneDelegate.swift */; };
		5742E34E28B55517008AC99F /* MainTabBarViewController.swift in Sources */ = {isa = PBXBuildFile; fileRef = 5742E34D28B55517008AC99F /* MainTabBarViewController.swift */; };
		5742E35328B55519008AC99F /* Assets.xcassets in Resources */ = {isa = PBXBuildFile; fileRef = 5742E35228B55519008AC99F /* Assets.xcassets */; };
		5742E35628B55519008AC99F /* LaunchScreen.storyboard in Resources */ = {isa = PBXBuildFile; fileRef = 5742E35428B55519008AC99F /* LaunchScreen.storyboard */; };
		5742E35F28B55703008AC99F /* HomeViewController.swift in Sources */ = {isa = PBXBuildFile; fileRef = 5742E35E28B55703008AC99F /* HomeViewController.swift */; };
		5742E36128B55730008AC99F /* SearchViewController.swift in Sources */ = {isa = PBXBuildFile; fileRef = 5742E36028B55730008AC99F /* SearchViewController.swift */; };
		5742E36328B5574F008AC99F /* UpcomingViewController.swift in Sources */ = {isa = PBXBuildFile; fileRef = 5742E36228B5574F008AC99F /* UpcomingViewController.swift */; };
		5742E36528B5575C008AC99F /* DownloadsViewController.swift in Sources */ = {isa = PBXBuildFile; fileRef = 5742E36428B5575C008AC99F /* DownloadsViewController.swift */; };
		5742E36C28B584A9008AC99F /* CollectionViewTableViewCell.swift in Sources */ = {isa = PBXBuildFile; fileRef = 5742E36B28B584A9008AC99F /* CollectionViewTableViewCell.swift */; };
		5742E36E28B588BB008AC99F /* HeroHeaderUIView.swift in Sources */ = {isa = PBXBuildFile; fileRef = 5742E36D28B588BB008AC99F /* HeroHeaderUIView.swift */; };
		5742E37028B687CB008AC99F /* APICaller.swift in Sources */ = {isa = PBXBuildFile; fileRef = 5742E36F28B687CB008AC99F /* APICaller.swift */; };
		5742E37228B68AE7008AC99F /* Title.swift in Sources */ = {isa = PBXBuildFile; fileRef = 5742E37128B68AE7008AC99F /* Title.swift */; };
		5749850428C60D660098B238 /* MockApiCaller.swift in Sources */ = {isa = PBXBuildFile; fileRef = 5749850328C60D660098B238 /* MockApiCaller.swift */; };
		5749850A28C625170098B238 /* title-success.json in Resources */ = {isa = PBXBuildFile; fileRef = 5749850928C625170098B238 /* title-success.json */; };
		5749850D28C76DC50098B238 /* HomeViewControllerTests.swift in Sources */ = {isa = PBXBuildFile; fileRef = 5749850C28C76DC50098B238 /* HomeViewControllerTests.swift */; };
		5762B86528BA677000686FFB /* Extensions.swift in Sources */ = {isa = PBXBuildFile; fileRef = 5762B86428BA677000686FFB /* Extensions.swift */; };
		57C8362028C252F900A73084 /* ApiCallerTests.swift in Sources */ = {isa = PBXBuildFile; fileRef = 57C8361F28C252F900A73084 /* ApiCallerTests.swift */; };
		57C8362728C258A900A73084 /* HomeViewModel.swift in Sources */ = {isa = PBXBuildFile; fileRef = 57C8362628C258A900A73084 /* HomeViewModel.swift */; };
		57F2B7B428BFAE9400793562 /* TitleCollectionViewCell.swift in Sources */ = {isa = PBXBuildFile; fileRef = 57F2B7B328BFAE9400793562 /* TitleCollectionViewCell.swift */; };
		57F2B7B728BFAF8400793562 /* SDWebImage in Frameworks */ = {isa = PBXBuildFile; productRef = 57F2B7B628BFAF8400793562 /* SDWebImage */; };
		57F2B7B928BFAF8400793562 /* SDWebImageMapKit in Frameworks */ = {isa = PBXBuildFile; productRef = 57F2B7B828BFAF8400793562 /* SDWebImageMapKit */; };
		57F2B7BB28BFB6D200793562 /* TitleTableViewCell.swift in Sources */ = {isa = PBXBuildFile; fileRef = 57F2B7BA28BFB6D200793562 /* TitleTableViewCell.swift */; };
		57F2B7BD28BFC0F600793562 /* TitleViewModel.swift in Sources */ = {isa = PBXBuildFile; fileRef = 57F2B7BC28BFC0F600793562 /* TitleViewModel.swift */; };
		57F2B7BF28BFC8A500793562 /* SearchResultsViewController.swift in Sources */ = {isa = PBXBuildFile; fileRef = 57F2B7BE28BFC8A500793562 /* SearchResultsViewController.swift */; };
		57F2B7C328BFD08300793562 /* YoutubeSearchResponse.swift in Sources */ = {isa = PBXBuildFile; fileRef = 57F2B7C228BFD08300793562 /* YoutubeSearchResponse.swift */; };
		57F2B7C528BFD2D300793562 /* TitlePreviewViewController.swift in Sources */ = {isa = PBXBuildFile; fileRef = 57F2B7C428BFD2D300793562 /* TitlePreviewViewController.swift */; };
		57F2B7C728BFD4E300793562 /* TitlePreviewViewModel.swift in Sources */ = {isa = PBXBuildFile; fileRef = 57F2B7C628BFD4E300793562 /* TitlePreviewViewModel.swift */; };
		57F2B7ED28C0156800793562 /* NetflixCloneModel.xcdatamodeld in Sources */ = {isa = PBXBuildFile; fileRef = 57F2B7EB28C0156800793562 /* NetflixCloneModel.xcdatamodeld */; };
		57F2B7EF28C017A900793562 /* DataPersistanceManager.swift in Sources */ = {isa = PBXBuildFile; fileRef = 57F2B7EE28C017A900793562 /* DataPersistanceManager.swift */; };
/* End PBXBuildFile section */

/* Begin PBXContainerItemProxy section */
		57C8362128C252F900A73084 /* PBXContainerItemProxy */ = {
			isa = PBXContainerItemProxy;
			containerPortal = 5742E33E28B55517008AC99F /* Project object */;
			proxyType = 1;
			remoteGlobalIDString = 5742E34528B55517008AC99F;
			remoteInfo = "Netflix-Clone";
		};
/* End PBXContainerItemProxy section */

/* Begin PBXFileReference section */
		5742E34628B55517008AC99F /* Netflix-Clone.app */ = {isa = PBXFileReference; explicitFileType = wrapper.application; includeInIndex = 0; path = "Netflix-Clone.app"; sourceTree = BUILT_PRODUCTS_DIR; };
		5742E34928B55517008AC99F /* AppDelegate.swift */ = {isa = PBXFileReference; lastKnownFileType = sourcecode.swift; path = AppDelegate.swift; sourceTree = "<group>"; };
		5742E34B28B55517008AC99F /* SceneDelegate.swift */ = {isa = PBXFileReference; lastKnownFileType = sourcecode.swift; path = SceneDelegate.swift; sourceTree = "<group>"; };
		5742E34D28B55517008AC99F /* MainTabBarViewController.swift */ = {isa = PBXFileReference; lastKnownFileType = sourcecode.swift; path = MainTabBarViewController.swift; sourceTree = "<group>"; };
		5742E35228B55519008AC99F /* Assets.xcassets */ = {isa = PBXFileReference; lastKnownFileType = folder.assetcatalog; path = Assets.xcassets; sourceTree = "<group>"; };
		5742E35528B55519008AC99F /* Base */ = {isa = PBXFileReference; lastKnownFileType = file.storyboard; name = Base; path = Base.lproj/LaunchScreen.storyboard; sourceTree = "<group>"; };
		5742E35728B55519008AC99F /* Info.plist */ = {isa = PBXFileReference; lastKnownFileType = text.plist.xml; path = Info.plist; sourceTree = "<group>"; };
		5742E35E28B55703008AC99F /* HomeViewController.swift */ = {isa = PBXFileReference; lastKnownFileType = sourcecode.swift; path = HomeViewController.swift; sourceTree = "<group>"; };
		5742E36028B55730008AC99F /* SearchViewController.swift */ = {isa = PBXFileReference; lastKnownFileType = sourcecode.swift; path = SearchViewController.swift; sourceTree = "<group>"; };
		5742E36228B5574F008AC99F /* UpcomingViewController.swift */ = {isa = PBXFileReference; lastKnownFileType = sourcecode.swift; path = UpcomingViewController.swift; sourceTree = "<group>"; };
		5742E36428B5575C008AC99F /* DownloadsViewController.swift */ = {isa = PBXFileReference; lastKnownFileType = sourcecode.swift; path = DownloadsViewController.swift; sourceTree = "<group>"; };
		5742E36B28B584A9008AC99F /* CollectionViewTableViewCell.swift */ = {isa = PBXFileReference; lastKnownFileType = sourcecode.swift; path = CollectionViewTableViewCell.swift; sourceTree = "<group>"; };
		5742E36D28B588BB008AC99F /* HeroHeaderUIView.swift */ = {isa = PBXFileReference; lastKnownFileType = sourcecode.swift; path = HeroHeaderUIView.swift; sourceTree = "<group>"; };
		5742E36F28B687CB008AC99F /* APICaller.swift */ = {isa = PBXFileReference; lastKnownFileType = sourcecode.swift; path = APICaller.swift; sourceTree = "<group>"; };
		5742E37128B68AE7008AC99F /* Title.swift */ = {isa = PBXFileReference; lastKnownFileType = sourcecode.swift; path = Title.swift; sourceTree = "<group>"; };
		5749850328C60D660098B238 /* MockApiCaller.swift */ = {isa = PBXFileReference; lastKnownFileType = sourcecode.swift; path = MockApiCaller.swift; sourceTree = "<group>"; };
		5749850928C625170098B238 /* title-success.json */ = {isa = PBXFileReference; lastKnownFileType = text.json; path = "title-success.json"; sourceTree = "<group>"; };
		5749850C28C76DC50098B238 /* HomeViewControllerTests.swift */ = {isa = PBXFileReference; lastKnownFileType = sourcecode.swift; path = HomeViewControllerTests.swift; sourceTree = "<group>"; };
		5762B86428BA677000686FFB /* Extensions.swift */ = {isa = PBXFileReference; lastKnownFileType = sourcecode.swift; path = Extensions.swift; sourceTree = "<group>"; };
		57C8361D28C252F900A73084 /* Netflix-CloneTests.xctest */ = {isa = PBXFileReference; explicitFileType = wrapper.cfbundle; includeInIndex = 0; path = "Netflix-CloneTests.xctest"; sourceTree = BUILT_PRODUCTS_DIR; };
		57C8361F28C252F900A73084 /* ApiCallerTests.swift */ = {isa = PBXFileReference; lastKnownFileType = sourcecode.swift; path = ApiCallerTests.swift; sourceTree = "<group>"; };
		57C8362628C258A900A73084 /* HomeViewModel.swift */ = {isa = PBXFileReference; lastKnownFileType = sourcecode.swift; path = HomeViewModel.swift; sourceTree = "<group>"; };
		57F2B7B328BFAE9400793562 /* TitleCollectionViewCell.swift */ = {isa = PBXFileReference; lastKnownFileType = sourcecode.swift; path = TitleCollectionViewCell.swift; sourceTree = "<group>"; };
		57F2B7BA28BFB6D200793562 /* TitleTableViewCell.swift */ = {isa = PBXFileReference; lastKnownFileType = sourcecode.swift; path = TitleTableViewCell.swift; sourceTree = "<group>"; };
		57F2B7BC28BFC0F600793562 /* TitleViewModel.swift */ = {isa = PBXFileReference; lastKnownFileType = sourcecode.swift; path = TitleViewModel.swift; sourceTree = "<group>"; };
		57F2B7BE28BFC8A500793562 /* SearchResultsViewController.swift */ = {isa = PBXFileReference; lastKnownFileType = sourcecode.swift; path = SearchResultsViewController.swift; sourceTree = "<group>"; };
		57F2B7C228BFD08300793562 /* YoutubeSearchResponse.swift */ = {isa = PBXFileReference; lastKnownFileType = sourcecode.swift; path = YoutubeSearchResponse.swift; sourceTree = "<group>"; };
		57F2B7C428BFD2D300793562 /* TitlePreviewViewController.swift */ = {isa = PBXFileReference; lastKnownFileType = sourcecode.swift; path = TitlePreviewViewController.swift; sourceTree = "<group>"; };
		57F2B7C628BFD4E300793562 /* TitlePreviewViewModel.swift */ = {isa = PBXFileReference; lastKnownFileType = sourcecode.swift; path = TitlePreviewViewModel.swift; sourceTree = "<group>"; };
		57F2B7EC28C0156800793562 /* NetflixCloneModel.xcdatamodel */ = {isa = PBXFileReference; lastKnownFileType = wrapper.xcdatamodel; path = NetflixCloneModel.xcdatamodel; sourceTree = "<group>"; };
		57F2B7EE28C017A900793562 /* DataPersistanceManager.swift */ = {isa = PBXFileReference; lastKnownFileType = sourcecode.swift; path = DataPersistanceManager.swift; sourceTree = "<group>"; };
/* End PBXFileReference section */

/* Begin PBXFrameworksBuildPhase section */
		5742E34328B55517008AC99F /* Frameworks */ = {
			isa = PBXFrameworksBuildPhase;
			buildActionMask = 2147483647;
			files = (
				57F2B7B928BFAF8400793562 /* SDWebImageMapKit in Frameworks */,
				57F2B7B728BFAF8400793562 /* SDWebImage in Frameworks */,
			);
			runOnlyForDeploymentPostprocessing = 0;
		};
		57C8361A28C252F900A73084 /* Frameworks */ = {
			isa = PBXFrameworksBuildPhase;
			buildActionMask = 2147483647;
			files = (
			);
			runOnlyForDeploymentPostprocessing = 0;
		};
/* End PBXFrameworksBuildPhase section */

/* Begin PBXGroup section */
		5742E33D28B55517008AC99F = {
			isa = PBXGroup;
			children = (
				5742E34828B55517008AC99F /* Netflix-Clone */,
				57C8361E28C252F900A73084 /* Netflix-CloneTests */,
				5742E34728B55517008AC99F /* Products */,
			);
			sourceTree = "<group>";
		};
		5742E34728B55517008AC99F /* Products */ = {
			isa = PBXGroup;
			children = (
				5742E34628B55517008AC99F /* Netflix-Clone.app */,
				57C8361D28C252F900A73084 /* Netflix-CloneTests.xctest */,
			);
			name = Products;
			sourceTree = "<group>";
		};
		5742E34828B55517008AC99F /* Netflix-Clone */ = {
			isa = PBXGroup;
			children = (
				5742E36A28B58486008AC99F /* Managers */,
				5742E36928B58480008AC99F /* Resources */,
				5742E36828B58466008AC99F /* Models */,
				5742E36628B58453008AC99F /* Views */,
				5742E36728B5845B008AC99F /* ViewModels */,
				5742E35D28B556EB008AC99F /* Controllers */,
				5742E34928B55517008AC99F /* AppDelegate.swift */,
				5742E34B28B55517008AC99F /* SceneDelegate.swift */,
				5742E34D28B55517008AC99F /* MainTabBarViewController.swift */,
				5742E35228B55519008AC99F /* Assets.xcassets */,
				5742E35428B55519008AC99F /* LaunchScreen.storyboard */,
				5742E35728B55519008AC99F /* Info.plist */,
				57F2B7EB28C0156800793562 /* NetflixCloneModel.xcdatamodeld */,
			);
			path = "Netflix-Clone";
			sourceTree = "<group>";
		};
		5742E35D28B556EB008AC99F /* Controllers */ = {
			isa = PBXGroup;
			children = (
				57F2B7C128BFC8C500793562 /* General */,
				57F2B7C028BFC8B700793562 /* Core */,
			);
			path = Controllers;
			sourceTree = "<group>";
		};
		5742E36628B58453008AC99F /* Views */ = {
			isa = PBXGroup;
			children = (
				5742E36B28B584A9008AC99F /* CollectionViewTableViewCell.swift */,
				5742E36D28B588BB008AC99F /* HeroHeaderUIView.swift */,
				57F2B7B328BFAE9400793562 /* TitleCollectionViewCell.swift */,
				57F2B7BA28BFB6D200793562 /* TitleTableViewCell.swift */,
			);
			path = Views;
			sourceTree = "<group>";
		};
		5742E36728B5845B008AC99F /* ViewModels */ = {
			isa = PBXGroup;
			children = (
				57F2B7BC28BFC0F600793562 /* TitleViewModel.swift */,
				57F2B7C628BFD4E300793562 /* TitlePreviewViewModel.swift */,
				57C8362628C258A900A73084 /* HomeViewModel.swift */,
			);
			path = ViewModels;
			sourceTree = "<group>";
		};
		5742E36828B58466008AC99F /* Models */ = {
			isa = PBXGroup;
			children = (
				5742E37128B68AE7008AC99F /* Title.swift */,
				57F2B7C228BFD08300793562 /* YoutubeSearchResponse.swift */,
			);
			path = Models;
			sourceTree = "<group>";
		};
		5742E36928B58480008AC99F /* Resources */ = {
			isa = PBXGroup;
			children = (
				5762B86428BA677000686FFB /* Extensions.swift */,
			);
			path = Resources;
			sourceTree = "<group>";
		};
		5742E36A28B58486008AC99F /* Managers */ = {
			isa = PBXGroup;
			children = (
				5742E36F28B687CB008AC99F /* APICaller.swift */,
				57F2B7EE28C017A900793562 /* DataPersistanceManager.swift */,
			);
			path = Managers;
			sourceTree = "<group>";
		};
		5749850228C60D570098B238 /* Mocks */ = {
			isa = PBXGroup;
			children = (
				5749850328C60D660098B238 /* MockApiCaller.swift */,
			);
			path = Mocks;
			sourceTree = "<group>";
		};
		5749850528C61C710098B238 /* JSONResponses */ = {
			isa = PBXGroup;
			children = (
				5749850928C625170098B238 /* title-success.json */,
			);
			path = JSONResponses;
			sourceTree = "<group>";
		};
		57C8361E28C252F900A73084 /* Netflix-CloneTests */ = {
			isa = PBXGroup;
			children = (
				5749850528C61C710098B238 /* JSONResponses */,
				5749850228C60D570098B238 /* Mocks */,
				57C8361F28C252F900A73084 /* ApiCallerTests.swift */,
				5749850C28C76DC50098B238 /* HomeViewControllerTests.swift */,
			);
			path = "Netflix-CloneTests";
			sourceTree = "<group>";
		};
		57F2B7C028BFC8B700793562 /* Core */ = {
			isa = PBXGroup;
			children = (
				5742E35E28B55703008AC99F /* HomeViewController.swift */,
				5742E36428B5575C008AC99F /* DownloadsViewController.swift */,
				5742E36028B55730008AC99F /* SearchViewController.swift */,
				5742E36228B5574F008AC99F /* UpcomingViewController.swift */,
				57F2B7C428BFD2D300793562 /* TitlePreviewViewController.swift */,
			);
			path = Core;
			sourceTree = "<group>";
		};
		57F2B7C128BFC8C500793562 /* General */ = {
			isa = PBXGroup;
			children = (
				57F2B7BE28BFC8A500793562 /* SearchResultsViewController.swift */,
			);
			path = General;
			sourceTree = "<group>";
		};
/* End PBXGroup section */

/* Begin PBXNativeTarget section */
		5742E34528B55517008AC99F /* Netflix-Clone */ = {
			isa = PBXNativeTarget;
			buildConfigurationList = 5742E35A28B55519008AC99F /* Build configuration list for PBXNativeTarget "Netflix-Clone" */;
			buildPhases = (
				5742E34228B55517008AC99F /* Sources */,
				5742E34328B55517008AC99F /* Frameworks */,
				5742E34428B55517008AC99F /* Resources */,
			);
			buildRules = (
			);
			dependencies = (
			);
			name = "Netflix-Clone";
			packageProductDependencies = (
				57F2B7B628BFAF8400793562 /* SDWebImage */,
				57F2B7B828BFAF8400793562 /* SDWebImageMapKit */,
			);
			productName = "Netflix-Clone";
			productReference = 5742E34628B55517008AC99F /* Netflix-Clone.app */;
			productType = "com.apple.product-type.application";
		};
		57C8361C28C252F900A73084 /* Netflix-CloneTests */ = {
			isa = PBXNativeTarget;
			buildConfigurationList = 57C8362528C252F900A73084 /* Build configuration list for PBXNativeTarget "Netflix-CloneTests" */;
			buildPhases = (
				57C8361928C252F900A73084 /* Sources */,
				57C8361A28C252F900A73084 /* Frameworks */,
				57C8361B28C252F900A73084 /* Resources */,
			);
			buildRules = (
			);
			dependencies = (
				57C8362228C252F900A73084 /* PBXTargetDependency */,
			);
			name = "Netflix-CloneTests";
			productName = "Netflix-CloneTests";
			productReference = 57C8361D28C252F900A73084 /* Netflix-CloneTests.xctest */;
			productType = "com.apple.product-type.bundle.unit-test";
		};
/* End PBXNativeTarget section */

/* Begin PBXProject section */
		5742E33E28B55517008AC99F /* Project object */ = {
			isa = PBXProject;
			attributes = {
				BuildIndependentTargetsInParallel = 1;
				LastSwiftUpdateCheck = 1330;
				LastUpgradeCheck = 1330;
				TargetAttributes = {
					5742E34528B55517008AC99F = {
						CreatedOnToolsVersion = 13.3;
					};
					57C8361C28C252F900A73084 = {
						CreatedOnToolsVersion = 13.3;
						TestTargetID = 5742E34528B55517008AC99F;
					};
				};
			};
			buildConfigurationList = 5742E34128B55517008AC99F /* Build configuration list for PBXProject "Netflix-Clone" */;
			compatibilityVersion = "Xcode 13.0";
			developmentRegion = en;
			hasScannedForEncodings = 0;
			knownRegions = (
				en,
				Base,
			);
			mainGroup = 5742E33D28B55517008AC99F;
			packageReferences = (
				57F2B7B528BFAF8400793562 /* XCRemoteSwiftPackageReference "SDWebImage" */,
			);
			productRefGroup = 5742E34728B55517008AC99F /* Products */;
			projectDirPath = "";
			projectRoot = "";
			targets = (
				5742E34528B55517008AC99F /* Netflix-Clone */,
				57C8361C28C252F900A73084 /* Netflix-CloneTests */,
			);
		};
/* End PBXProject section */

/* Begin PBXResourcesBuildPhase section */
		5742E34428B55517008AC99F /* Resources */ = {
			isa = PBXResourcesBuildPhase;
			buildActionMask = 2147483647;
			files = (
				5742E35628B55519008AC99F /* LaunchScreen.storyboard in Resources */,
				5742E35328B55519008AC99F /* Assets.xcassets in Resources */,
			);
			runOnlyForDeploymentPostprocessing = 0;
		};
		57C8361B28C252F900A73084 /* Resources */ = {
			isa = PBXResourcesBuildPhase;
			buildActionMask = 2147483647;
			files = (
				5749850A28C625170098B238 /* title-success.json in Resources */,
			);
			runOnlyForDeploymentPostprocessing = 0;
		};
/* End PBXResourcesBuildPhase section */

/* Begin PBXSourcesBuildPhase section */
		5742E34228B55517008AC99F /* Sources */ = {
			isa = PBXSourcesBuildPhase;
			buildActionMask = 2147483647;
			files = (
				57F2B7BB28BFB6D200793562 /* TitleTableViewCell.swift in Sources */,
				57C8362728C258A900A73084 /* HomeViewModel.swift in Sources */,
				5742E36328B5574F008AC99F /* UpcomingViewController.swift in Sources */,
				57F2B7B428BFAE9400793562 /* TitleCollectionViewCell.swift in Sources */,
				5742E36128B55730008AC99F /* SearchViewController.swift in Sources */,
				5742E36C28B584A9008AC99F /* CollectionViewTableViewCell.swift in Sources */,
				5742E36E28B588BB008AC99F /* HeroHeaderUIView.swift in Sources */,
				57F2B7ED28C0156800793562 /* NetflixCloneModel.xcdatamodeld in Sources */,
				5742E36528B5575C008AC99F /* DownloadsViewController.swift in Sources */,
				5742E34E28B55517008AC99F /* MainTabBarViewController.swift in Sources */,
				5742E34A28B55517008AC99F /* AppDelegate.swift in Sources */,
				57F2B7BF28BFC8A500793562 /* SearchResultsViewController.swift in Sources */,
				5762B86528BA677000686FFB /* Extensions.swift in Sources */,
				57F2B7EF28C017A900793562 /* DataPersistanceManager.swift in Sources */,
				57F2B7C328BFD08300793562 /* YoutubeSearchResponse.swift in Sources */,
				5742E34C28B55517008AC99F /* SceneDelegate.swift in Sources */,
				57F2B7C728BFD4E300793562 /* TitlePreviewViewModel.swift in Sources */,
				5742E35F28B55703008AC99F /* HomeViewController.swift in Sources */,
				57F2B7C528BFD2D300793562 /* TitlePreviewViewController.swift in Sources */,
				5742E37228B68AE7008AC99F /* Title.swift in Sources */,
				5742E37028B687CB008AC99F /* APICaller.swift in Sources */,
				57F2B7BD28BFC0F600793562 /* TitleViewModel.swift in Sources */,
			);
			runOnlyForDeploymentPostprocessing = 0;
		};
		57C8361928C252F900A73084 /* Sources */ = {
			isa = PBXSourcesBuildPhase;
			buildActionMask = 2147483647;
			files = (
				57C8362028C252F900A73084 /* ApiCallerTests.swift in Sources */,
				5749850D28C76DC50098B238 /* HomeViewControllerTests.swift in Sources */,
				5749850428C60D660098B238 /* MockApiCaller.swift in Sources */,
			);
			runOnlyForDeploymentPostprocessing = 0;
		};
/* End PBXSourcesBuildPhase section */

/* Begin PBXTargetDependency section */
		57C8362228C252F900A73084 /* PBXTargetDependency */ = {
			isa = PBXTargetDependency;
			target = 5742E34528B55517008AC99F /* Netflix-Clone */;
			targetProxy = 57C8362128C252F900A73084 /* PBXContainerItemProxy */;
		};
/* End PBXTargetDependency section */

/* Begin PBXVariantGroup section */
		5742E35428B55519008AC99F /* LaunchScreen.storyboard */ = {
			isa = PBXVariantGroup;
			children = (
				5742E35528B55519008AC99F /* Base */,
			);
			name = LaunchScreen.storyboard;
			sourceTree = "<group>";
		};
/* End PBXVariantGroup section */

/* Begin XCBuildConfiguration section */
		5742E35828B55519008AC99F /* Debug */ = {
			isa = XCBuildConfiguration;
			buildSettings = {
				ALWAYS_SEARCH_USER_PATHS = NO;
				CLANG_ANALYZER_NONNULL = YES;
				CLANG_ANALYZER_NUMBER_OBJECT_CONVERSION = YES_AGGRESSIVE;
				CLANG_CXX_LANGUAGE_STANDARD = "gnu++17";
				CLANG_ENABLE_MODULES = YES;
				CLANG_ENABLE_OBJC_ARC = YES;
				CLANG_ENABLE_OBJC_WEAK = YES;
				CLANG_WARN_BLOCK_CAPTURE_AUTORELEASING = YES;
				CLANG_WARN_BOOL_CONVERSION = YES;
				CLANG_WARN_COMMA = YES;
				CLANG_WARN_CONSTANT_CONVERSION = YES;
				CLANG_WARN_DEPRECATED_OBJC_IMPLEMENTATIONS = YES;
				CLANG_WARN_DIRECT_OBJC_ISA_USAGE = YES_ERROR;
				CLANG_WARN_DOCUMENTATION_COMMENTS = YES;
				CLANG_WARN_EMPTY_BODY = YES;
				CLANG_WARN_ENUM_CONVERSION = YES;
				CLANG_WARN_INFINITE_RECURSION = YES;
				CLANG_WARN_INT_CONVERSION = YES;
				CLANG_WARN_NON_LITERAL_NULL_CONVERSION = YES;
				CLANG_WARN_OBJC_IMPLICIT_RETAIN_SELF = YES;
				CLANG_WARN_OBJC_LITERAL_CONVERSION = YES;
				CLANG_WARN_OBJC_ROOT_CLASS = YES_ERROR;
				CLANG_WARN_QUOTED_INCLUDE_IN_FRAMEWORK_HEADER = YES;
				CLANG_WARN_RANGE_LOOP_ANALYSIS = YES;
				CLANG_WARN_STRICT_PROTOTYPES = YES;
				CLANG_WARN_SUSPICIOUS_MOVE = YES;
				CLANG_WARN_UNGUARDED_AVAILABILITY = YES_AGGRESSIVE;
				CLANG_WARN_UNREACHABLE_CODE = YES;
				CLANG_WARN__DUPLICATE_METHOD_MATCH = YES;
				COPY_PHASE_STRIP = NO;
				DEBUG_INFORMATION_FORMAT = dwarf;
				ENABLE_STRICT_OBJC_MSGSEND = YES;
				ENABLE_TESTABILITY = YES;
				GCC_C_LANGUAGE_STANDARD = gnu11;
				GCC_DYNAMIC_NO_PIC = NO;
				GCC_NO_COMMON_BLOCKS = YES;
				GCC_OPTIMIZATION_LEVEL = 0;
				GCC_PREPROCESSOR_DEFINITIONS = (
					"DEBUG=1",
					"$(inherited)",
				);
				GCC_WARN_64_TO_32_BIT_CONVERSION = YES;
				GCC_WARN_ABOUT_RETURN_TYPE = YES_ERROR;
				GCC_WARN_UNDECLARED_SELECTOR = YES;
				GCC_WARN_UNINITIALIZED_AUTOS = YES_AGGRESSIVE;
				GCC_WARN_UNUSED_FUNCTION = YES;
				GCC_WARN_UNUSED_VARIABLE = YES;
				IPHONEOS_DEPLOYMENT_TARGET = 15.4;
				MTL_ENABLE_DEBUG_INFO = INCLUDE_SOURCE;
				MTL_FAST_MATH = YES;
				ONLY_ACTIVE_ARCH = YES;
				SDKROOT = iphoneos;
				SWIFT_ACTIVE_COMPILATION_CONDITIONS = DEBUG;
				SWIFT_OPTIMIZATION_LEVEL = "-Onone";
			};
			name = Debug;
		};
		5742E35928B55519008AC99F /* Release */ = {
			isa = XCBuildConfiguration;
			buildSettings = {
				ALWAYS_SEARCH_USER_PATHS = NO;
				CLANG_ANALYZER_NONNULL = YES;
				CLANG_ANALYZER_NUMBER_OBJECT_CONVERSION = YES_AGGRESSIVE;
				CLANG_CXX_LANGUAGE_STANDARD = "gnu++17";
				CLANG_ENABLE_MODULES = YES;
				CLANG_ENABLE_OBJC_ARC = YES;
				CLANG_ENABLE_OBJC_WEAK = YES;
				CLANG_WARN_BLOCK_CAPTURE_AUTORELEASING = YES;
				CLANG_WARN_BOOL_CONVERSION = YES;
				CLANG_WARN_COMMA = YES;
				CLANG_WARN_CONSTANT_CONVERSION = YES;
				CLANG_WARN_DEPRECATED_OBJC_IMPLEMENTATIONS = YES;
				CLANG_WARN_DIRECT_OBJC_ISA_USAGE = YES_ERROR;
				CLANG_WARN_DOCUMENTATION_COMMENTS = YES;
				CLANG_WARN_EMPTY_BODY = YES;
				CLANG_WARN_ENUM_CONVERSION = YES;
				CLANG_WARN_INFINITE_RECURSION = YES;
				CLANG_WARN_INT_CONVERSION = YES;
				CLANG_WARN_NON_LITERAL_NULL_CONVERSION = YES;
				CLANG_WARN_OBJC_IMPLICIT_RETAIN_SELF = YES;
				CLANG_WARN_OBJC_LITERAL_CONVERSION = YES;
				CLANG_WARN_OBJC_ROOT_CLASS = YES_ERROR;
				CLANG_WARN_QUOTED_INCLUDE_IN_FRAMEWORK_HEADER = YES;
				CLANG_WARN_RANGE_LOOP_ANALYSIS = YES;
				CLANG_WARN_STRICT_PROTOTYPES = YES;
				CLANG_WARN_SUSPICIOUS_MOVE = YES;
				CLANG_WARN_UNGUARDED_AVAILABILITY = YES_AGGRESSIVE;
				CLANG_WARN_UNREACHABLE_CODE = YES;
				CLANG_WARN__DUPLICATE_METHOD_MATCH = YES;
				COPY_PHASE_STRIP = NO;
				DEBUG_INFORMATION_FORMAT = "dwarf-with-dsym";
				ENABLE_NS_ASSERTIONS = NO;
				ENABLE_STRICT_OBJC_MSGSEND = YES;
				GCC_C_LANGUAGE_STANDARD = gnu11;
				GCC_NO_COMMON_BLOCKS = YES;
				GCC_WARN_64_TO_32_BIT_CONVERSION = YES;
				GCC_WARN_ABOUT_RETURN_TYPE = YES_ERROR;
				GCC_WARN_UNDECLARED_SELECTOR = YES;
				GCC_WARN_UNINITIALIZED_AUTOS = YES_AGGRESSIVE;
				GCC_WARN_UNUSED_FUNCTION = YES;
				GCC_WARN_UNUSED_VARIABLE = YES;
				IPHONEOS_DEPLOYMENT_TARGET = 15.4;
				MTL_ENABLE_DEBUG_INFO = NO;
				MTL_FAST_MATH = YES;
				SDKROOT = iphoneos;
				SWIFT_COMPILATION_MODE = wholemodule;
				SWIFT_OPTIMIZATION_LEVEL = "-O";
				VALIDATE_PRODUCT = YES;
			};
			name = Release;
		};
		5742E35B28B55519008AC99F /* Debug */ = {
			isa = XCBuildConfiguration;
			buildSettings = {
				ASSETCATALOG_COMPILER_APPICON_NAME = AppIcon;
				ASSETCATALOG_COMPILER_GLOBAL_ACCENT_COLOR_NAME = AccentColor;
				CODE_SIGN_STYLE = Automatic;
				CURRENT_PROJECT_VERSION = 1;
				DEVELOPMENT_TEAM = DMF923GY8Z;
				GENERATE_INFOPLIST_FILE = YES;
				INFOPLIST_FILE = "Netflix-Clone/Info.plist";
				INFOPLIST_KEY_UIApplicationSupportsIndirectInputEvents = YES;
				INFOPLIST_KEY_UILaunchStoryboardName = LaunchScreen;
				INFOPLIST_KEY_UISupportedInterfaceOrientations_iPad = "UIInterfaceOrientationPortrait UIInterfaceOrientationPortraitUpsideDown UIInterfaceOrientationLandscapeLeft UIInterfaceOrientationLandscapeRight";
				INFOPLIST_KEY_UISupportedInterfaceOrientations_iPhone = "UIInterfaceOrientationPortrait UIInterfaceOrientationLandscapeLeft UIInterfaceOrientationLandscapeRight";
				LD_RUNPATH_SEARCH_PATHS = (
					"$(inherited)",
					"@executable_path/Frameworks",
				);
				MARKETING_VERSION = 1.0;
				PRODUCT_BUNDLE_IDENTIFIER = "marygimm-moreira.Netflix-Clone";
				PRODUCT_NAME = "$(TARGET_NAME)";
				SWIFT_EMIT_LOC_STRINGS = YES;
				SWIFT_VERSION = 5.0;
				TARGETED_DEVICE_FAMILY = "1,2";
			};
			name = Debug;
		};
		5742E35C28B55519008AC99F /* Release */ = {
			isa = XCBuildConfiguration;
			buildSettings = {
				ASSETCATALOG_COMPILER_APPICON_NAME = AppIcon;
				ASSETCATALOG_COMPILER_GLOBAL_ACCENT_COLOR_NAME = AccentColor;
				CODE_SIGN_STYLE = Automatic;
				CURRENT_PROJECT_VERSION = 1;
				DEVELOPMENT_TEAM = DMF923GY8Z;
				GENERATE_INFOPLIST_FILE = YES;
				INFOPLIST_FILE = "Netflix-Clone/Info.plist";
				INFOPLIST_KEY_UIApplicationSupportsIndirectInputEvents = YES;
				INFOPLIST_KEY_UILaunchStoryboardName = LaunchScreen;
				INFOPLIST_KEY_UISupportedInterfaceOrientations_iPad = "UIInterfaceOrientationPortrait UIInterfaceOrientationPortraitUpsideDown UIInterfaceOrientationLandscapeLeft UIInterfaceOrientationLandscapeRight";
				INFOPLIST_KEY_UISupportedInterfaceOrientations_iPhone = "UIInterfaceOrientationPortrait UIInterfaceOrientationLandscapeLeft UIInterfaceOrientationLandscapeRight";
				LD_RUNPATH_SEARCH_PATHS = (
					"$(inherited)",
					"@executable_path/Frameworks",
				);
				MARKETING_VERSION = 1.0;
				PRODUCT_BUNDLE_IDENTIFIER = "marygimm-moreira.Netflix-Clone";
				PRODUCT_NAME = "$(TARGET_NAME)";
				SWIFT_EMIT_LOC_STRINGS = YES;
				SWIFT_VERSION = 5.0;
				TARGETED_DEVICE_FAMILY = "1,2";
			};
			name = Release;
		};
		57C8362328C252F900A73084 /* Debug */ = {
			isa = XCBuildConfiguration;
			buildSettings = {
				BUNDLE_LOADER = "$(TEST_HOST)";
				CODE_SIGN_STYLE = Automatic;
				CURRENT_PROJECT_VERSION = 1;
				DEVELOPMENT_TEAM = DMF923GY8Z;
				GENERATE_INFOPLIST_FILE = YES;
				MARKETING_VERSION = 1.0;
				PRODUCT_BUNDLE_IDENTIFIER = "marygimm-moreira.Netflix-CloneTests";
				PRODUCT_NAME = "$(TARGET_NAME)";
				SWIFT_EMIT_LOC_STRINGS = NO;
				SWIFT_VERSION = 5.0;
				TARGETED_DEVICE_FAMILY = "1,2";
				TEST_HOST = "$(BUILT_PRODUCTS_DIR)/Netflix-Clone.app/Netflix-Clone";
			};
			name = Debug;
		};
		57C8362428C252F900A73084 /* Release */ = {
			isa = XCBuildConfiguration;
			buildSettings = {
				BUNDLE_LOADER = "$(TEST_HOST)";
				CODE_SIGN_STYLE = Automatic;
				CURRENT_PROJECT_VERSION = 1;
				DEVELOPMENT_TEAM = DMF923GY8Z;
				GENERATE_INFOPLIST_FILE = YES;
				MARKETING_VERSION = 1.0;
				PRODUCT_BUNDLE_IDENTIFIER = "marygimm-moreira.Netflix-CloneTests";
				PRODUCT_NAME = "$(TARGET_NAME)";
				SWIFT_EMIT_LOC_STRINGS = NO;
				SWIFT_VERSION = 5.0;
				TARGETED_DEVICE_FAMILY = "1,2";
				TEST_HOST = "$(BUILT_PRODUCTS_DIR)/Netflix-Clone.app/Netflix-Clone";
			};
			name = Release;
		};
/* End XCBuildConfiguration section */

/* Begin XCConfigurationList section */
		5742E34128B55517008AC99F /* Build configuration list for PBXProject "Netflix-Clone" */ = {
			isa = XCConfigurationList;
			buildConfigurations = (
				5742E35828B55519008AC99F /* Debug */,
				5742E35928B55519008AC99F /* Release */,
			);
			defaultConfigurationIsVisible = 0;
			defaultConfigurationName = Release;
		};
		5742E35A28B55519008AC99F /* Build configuration list for PBXNativeTarget "Netflix-Clone" */ = {
			isa = XCConfigurationList;
			buildConfigurations = (
				5742E35B28B55519008AC99F /* Debug */,
				5742E35C28B55519008AC99F /* Release */,
			);
			defaultConfigurationIsVisible = 0;
			defaultConfigurationName = Release;
		};
		57C8362528C252F900A73084 /* Build configuration list for PBXNativeTarget "Netflix-CloneTests" */ = {
			isa = XCConfigurationList;
			buildConfigurations = (
				57C8362328C252F900A73084 /* Debug */,
				57C8362428C252F900A73084 /* Release */,
			);
			defaultConfigurationIsVisible = 0;
			defaultConfigurationName = Release;
		};
/* End XCConfigurationList section */

/* Begin XCRemoteSwiftPackageReference section */
		57F2B7B528BFAF8400793562 /* XCRemoteSwiftPackageReference "SDWebImage" */ = {
			isa = XCRemoteSwiftPackageReference;
			repositoryURL = "https://github.com/SDWebImage/SDWebImage.git";
			requirement = {
				kind = upToNextMajorVersion;
				minimumVersion = 5.0.0;
			};
		};
/* End XCRemoteSwiftPackageReference section */

/* Begin XCSwiftPackageProductDependency section */
		57F2B7B628BFAF8400793562 /* SDWebImage */ = {
			isa = XCSwiftPackageProductDependency;
			package = 57F2B7B528BFAF8400793562 /* XCRemoteSwiftPackageReference "SDWebImage" */;
			productName = SDWebImage;
		};
		57F2B7B828BFAF8400793562 /* SDWebImageMapKit */ = {
			isa = XCSwiftPackageProductDependency;
			package = 57F2B7B528BFAF8400793562 /* XCRemoteSwiftPackageReference "SDWebImage" */;
			productName = SDWebImageMapKit;
		};
/* End XCSwiftPackageProductDependency section */

/* Begin XCVersionGroup section */
		57F2B7EB28C0156800793562 /* NetflixCloneModel.xcdatamodeld */ = {
			isa = XCVersionGroup;
			children = (
				57F2B7EC28C0156800793562 /* NetflixCloneModel.xcdatamodel */,
			);
			currentVersion = 57F2B7EC28C0156800793562 /* NetflixCloneModel.xcdatamodel */;
			path = NetflixCloneModel.xcdatamodeld;
			sourceTree = "<group>";
			versionGroupType = wrapper.xcdatamodel;
		};
/* End XCVersionGroup section */
	};
	rootObject = 5742E33E28B55517008AC99F /* Project object */;
}
